
Microsoft Visual Studio Solution File, Format Version 12.00
# Visual Studio Version 16
VisualStudioVersion = 16.0.29215.179
MinimumVisualStudioVersion = 10.0.40219.1
Project("{FAE04EC0-301F-11D3-BF4B-00C04F79EFBC}") = "Number Guessing Game", "Number Guessing Game\Number Guessing Game.csproj", "{9A46552B-9C14-4DCA-82B0-A2B965A42ADC}"
EndProject
Global
	GlobalSection(SolutionConfigurationPlatforms) = preSolution
		Debug|Any CPU = Debug|Any CPU
		Release|Any CPU = Release|Any CPU
	EndGlobalSection
	GlobalSection(ProjectConfigurationPlatforms) = postSolution
		{9A46552B-9C14-4DCA-82B0-A2B965A42ADC}.Debug|Any CPU.ActiveCfg = Debug|Any CPU
		{9A46552B-9C14-4DCA-82B0-A2B965A42ADC}.Debug|Any CPU.Build.0 = Debug|Any CPU
		{9A46552B-9C14-4DCA-82B0-A2B965A42ADC}.Release|Any CPU.ActiveCfg = Release|Any CPU
		{9A46552B-9C14-4DCA-82B0-A2B965A42ADC}.Release|Any CPU.Build.0 = Release|Any CPU
	EndGlobalSection
	GlobalSection(SolutionProperties) = preSolution
		HideSolutionNode = FALSE
	EndGlobalSection
	GlobalSection(ExtensibilityGlobals) = postSolution
		SolutionGuid = {0CBEC7D4-64F7-4255-8F43-47819D6F9C9B}
	EndGlobalSection
EndGlobal
